{
  "requires": true,
  "lockfileVersion": 1,
  "dependencies": {
    "exifr": {
      "version": "5.0.6",
      "resolved": "https://registry.npmjs.org/exifr/-/exifr-5.0.6.tgz",
      "integrity": "sha512-iDB4IhKoKVF+uDDrHRlyNxWqGaTxYluVWqvBWVG54HkQZe8qkFYl9eQrjEP3d8Q4UMBZ9rWu3Pa+mfC+o4CZuw=="
    }
  }
}
